
Microsoft Visual Studio Solution File, Format Version 11.00
# Visual Studio 2010
Project("{8BC9CEB8-8B4A-11D0-8D11-00A0C91BC942}") = "Assignment03", "Assignment03\Assignment03.vcxproj", "{2215AF02-3B41-495B-8907-FB3CD6D379C3}"
EndProject
Project("{8BC9CEB8-8B4A-11D0-8D11-00A0C91BC942}") = "Assignment04", "Assignment04\Assignment04.vcxproj", "{F3E85900-ED91-4043-BD8C-A6B05E35B2F1}"
EndProject
Project("{8BC9CEB8-8B4A-11D0-8D11-00A0C91BC942}") = "Temporary", "Temporary\Temporary.vcxproj", "{582F8988-48CB-4B95-A122-176824180939}"
EndProject
Project("{8BC9CEB8-8B4A-11D0-8D11-00A0C91BC942}") = "Assignment06", "Assignment06\Assignment06.vcxproj", "{2AF35CD8-80C7-4987-89F7-3475C00DA7DA}"
EndProject
Project("{8BC9CEB8-8B4A-11D0-8D11-00A0C91BC942}") = "로봇 샘플", "로봇 샘플\로봇 샘플.vcxproj", "{7399FA13-D2A0-410D-B6FB-EF283AE5E756}"
EndProject
Project("{8BC9CEB8-8B4A-11D0-8D11-00A0C91BC942}") = "안드로이드봇 애니메이션", "안드로이드봇 애니메이션\안드로이드봇 애니메이션.vcxproj", "{D4DA6167-A593-4AF2-92A3-7AAC9C73CBE3}"
EndProject
Project("{8BC9CEB8-8B4A-11D0-8D11-00A0C91BC942}") = "Tutor", "Tutor\Tutor.vcxproj", "{75EF908F-A057-4160-8712-9C15576B586C}"
EndProject
Project("{8BC9CEB8-8B4A-11D0-8D11-00A0C91BC942}") = "Assignment07", "Assignment07\Assignment07.vcxproj", "{0107D3F5-64E1-42A5-BBBC-34B9A0AE262A}"
EndProject
Project("{8BC9CEB8-8B4A-11D0-8D11-00A0C91BC942}") = "좌표계 만들기", "좌표계 만들기\좌표계 만들기.vcxproj", "{7E442F81-FF09-40A7-9D3D-09016F5EB896}"
EndProject
Project("{8BC9CEB8-8B4A-11D0-8D11-00A0C91BC942}") = "정재우 과제7", "정재우 과제7\정재우 과제7.vcxproj", "{1B2A67EB-B7B5-458B-8E6E-F0E045AFC275}"
EndProject
Project("{8BC9CEB8-8B4A-11D0-8D11-00A0C91BC942}") = "Assignment08", "Assignment08\Assignment08.vcxproj", "{CDDFC85D-512A-4996-AB83-AD8040AD40CF}"
EndProject
Project("{8BC9CEB8-8B4A-11D0-8D11-00A0C91BC942}") = "Temporary2", "Temporary2\Temporary2.vcxproj", "{FB2D94FE-BF41-4F41-8F9B-76B5B5B350BE}"
EndProject
Project("{8BC9CEB8-8B4A-11D0-8D11-00A0C91BC942}") = "ASE 모델 불러오기", "ASE 모델 불러오기\ASE 모델 불러오기.vcxproj", "{7C6F5E55-7F4A-464D-9203-E23596F91071}"
EndProject
Project("{8BC9CEB8-8B4A-11D0-8D11-00A0C91BC942}") = "CG Term Project_2010136019", "CG Term Project_2010136019\CG Term Project_2010136019.vcxproj", "{5B229100-2DB0-4CDD-96B5-3E841DA4EB1E}"
EndProject
Project("{8BC9CEB8-8B4A-11D0-8D11-00A0C91BC942}") = "CG_TermProject_2010136019", "CG_TermProject_2010136019\CG_TermProject_2010136019.vcxproj", "{8AA629ED-1AE7-464A-AD30-550B0B954D09}"
EndProject
Global
	GlobalSection(SolutionConfigurationPlatforms) = preSolution
		Debug|Win32 = Debug|Win32
		Release|Win32 = Release|Win32
	EndGlobalSection
	GlobalSection(ProjectConfigurationPlatforms) = postSolution
		{2215AF02-3B41-495B-8907-FB3CD6D379C3}.Debug|Win32.ActiveCfg = Debug|Win32
		{2215AF02-3B41-495B-8907-FB3CD6D379C3}.Debug|Win32.Build.0 = Debug|Win32
		{2215AF02-3B41-495B-8907-FB3CD6D379C3}.Release|Win32.ActiveCfg = Release|Win32
		{2215AF02-3B41-495B-8907-FB3CD6D379C3}.Release|Win32.Build.0 = Release|Win32
		{F3E85900-ED91-4043-BD8C-A6B05E35B2F1}.Debug|Win32.ActiveCfg = Debug|Win32
		{F3E85900-ED91-4043-BD8C-A6B05E35B2F1}.Debug|Win32.Build.0 = Debug|Win32
		{F3E85900-ED91-4043-BD8C-A6B05E35B2F1}.Release|Win32.ActiveCfg = Release|Win32
		{F3E85900-ED91-4043-BD8C-A6B05E35B2F1}.Release|Win32.Build.0 = Release|Win32
		{582F8988-48CB-4B95-A122-176824180939}.Debug|Win32.ActiveCfg = Debug|Win32
		{582F8988-48CB-4B95-A122-176824180939}.Debug|Win32.Build.0 = Debug|Win32
		{582F8988-48CB-4B95-A122-176824180939}.Release|Win32.ActiveCfg = Release|Win32
		{582F8988-48CB-4B95-A122-176824180939}.Release|Win32.Build.0 = Release|Win32
		{2AF35CD8-80C7-4987-89F7-3475C00DA7DA}.Debug|Win32.ActiveCfg = Debug|Win32
		{2AF35CD8-80C7-4987-89F7-3475C00DA7DA}.Debug|Win32.Build.0 = Debug|Win32
		{2AF35CD8-80C7-4987-89F7-3475C00DA7DA}.Release|Win32.ActiveCfg = Release|Win32
		{2AF35CD8-80C7-4987-89F7-3475C00DA7DA}.Release|Win32.Build.0 = Release|Win32
		{7399FA13-D2A0-410D-B6FB-EF283AE5E756}.Debug|Win32.ActiveCfg = Debug|Win32
		{7399FA13-D2A0-410D-B6FB-EF283AE5E756}.Debug|Win32.Build.0 = Debug|Win32
		{7399FA13-D2A0-410D-B6FB-EF283AE5E756}.Release|Win32.ActiveCfg = Release|Win32
		{7399FA13-D2A0-410D-B6FB-EF283AE5E756}.Release|Win32.Build.0 = Release|Win32
		{D4DA6167-A593-4AF2-92A3-7AAC9C73CBE3}.Debug|Win32.ActiveCfg = Debug|Win32
		{D4DA6167-A593-4AF2-92A3-7AAC9C73CBE3}.Debug|Win32.Build.0 = Debug|Win32
		{D4DA6167-A593-4AF2-92A3-7AAC9C73CBE3}.Release|Win32.ActiveCfg = Release|Win32
		{D4DA6167-A593-4AF2-92A3-7AAC9C73CBE3}.Release|Win32.Build.0 = Release|Win32
		{75EF908F-A057-4160-8712-9C15576B586C}.Debug|Win32.ActiveCfg = Debug|Win32
		{75EF908F-A057-4160-8712-9C15576B586C}.Debug|Win32.Build.0 = Debug|Win32
		{75EF908F-A057-4160-8712-9C15576B586C}.Release|Win32.ActiveCfg = Release|Win32
		{75EF908F-A057-4160-8712-9C15576B586C}.Release|Win32.Build.0 = Release|Win32
		{0107D3F5-64E1-42A5-BBBC-34B9A0AE262A}.Debug|Win32.ActiveCfg = Debug|Win32
		{0107D3F5-64E1-42A5-BBBC-34B9A0AE262A}.Debug|Win32.Build.0 = Debug|Win32
		{0107D3F5-64E1-42A5-BBBC-34B9A0AE262A}.Release|Win32.ActiveCfg = Release|Win32
		{0107D3F5-64E1-42A5-BBBC-34B9A0AE262A}.Release|Win32.Build.0 = Release|Win32
		{7E442F81-FF09-40A7-9D3D-09016F5EB896}.Debug|Win32.ActiveCfg = Debug|Win32
		{7E442F81-FF09-40A7-9D3D-09016F5EB896}.Debug|Win32.Build.0 = Debug|Win32
		{7E442F81-FF09-40A7-9D3D-09016F5EB896}.Release|Win32.ActiveCfg = Release|Win32
		{7E442F81-FF09-40A7-9D3D-09016F5EB896}.Release|Win32.Build.0 = Release|Win32
		{1B2A67EB-B7B5-458B-8E6E-F0E045AFC275}.Debug|Win32.ActiveCfg = Debug|Win32
		{1B2A67EB-B7B5-458B-8E6E-F0E045AFC275}.Debug|Win32.Build.0 = Debug|Win32
		{1B2A67EB-B7B5-458B-8E6E-F0E045AFC275}.Release|Win32.ActiveCfg = Release|Win32
		{1B2A67EB-B7B5-458B-8E6E-F0E045AFC275}.Release|Win32.Build.0 = Release|Win32
		{CDDFC85D-512A-4996-AB83-AD8040AD40CF}.Debug|Win32.ActiveCfg = Debug|Win32
		{CDDFC85D-512A-4996-AB83-AD8040AD40CF}.Debug|Win32.Build.0 = Debug|Win32
		{CDDFC85D-512A-4996-AB83-AD8040AD40CF}.Release|Win32.ActiveCfg = Release|Win32
		{CDDFC85D-512A-4996-AB83-AD8040AD40CF}.Release|Win32.Build.0 = Release|Win32
		{FB2D94FE-BF41-4F41-8F9B-76B5B5B350BE}.Debug|Win32.ActiveCfg = Debug|Win32
		{FB2D94FE-BF41-4F41-8F9B-76B5B5B350BE}.Debug|Win32.Build.0 = Debug|Win32
		{FB2D94FE-BF41-4F41-8F9B-76B5B5B350BE}.Release|Win32.ActiveCfg = Release|Win32
		{FB2D94FE-BF41-4F41-8F9B-76B5B5B350BE}.Release|Win32.Build.0 = Release|Win32
		{7C6F5E55-7F4A-464D-9203-E23596F91071}.Debug|Win32.ActiveCfg = Debug|Win32
		{7C6F5E55-7F4A-464D-9203-E23596F91071}.Debug|Win32.Build.0 = Debug|Win32
		{7C6F5E55-7F4A-464D-9203-E23596F91071}.Release|Win32.ActiveCfg = Release|Win32
		{7C6F5E55-7F4A-464D-9203-E23596F91071}.Release|Win32.Build.0 = Release|Win32
		{5B229100-2DB0-4CDD-96B5-3E841DA4EB1E}.Debug|Win32.ActiveCfg = Debug|Win32
		{5B229100-2DB0-4CDD-96B5-3E841DA4EB1E}.Debug|Win32.Build.0 = Debug|Win32
		{5B229100-2DB0-4CDD-96B5-3E841DA4EB1E}.Release|Win32.ActiveCfg = Release|Win32
		{5B229100-2DB0-4CDD-96B5-3E841DA4EB1E}.Release|Win32.Build.0 = Release|Win32
		{8AA629ED-1AE7-464A-AD30-550B0B954D09}.Debug|Win32.ActiveCfg = Debug|Win32
		{8AA629ED-1AE7-464A-AD30-550B0B954D09}.Debug|Win32.Build.0 = Debug|Win32
		{8AA629ED-1AE7-464A-AD30-550B0B954D09}.Release|Win32.ActiveCfg = Release|Win32
		{8AA629ED-1AE7-464A-AD30-550B0B954D09}.Release|Win32.Build.0 = Release|Win32
	EndGlobalSection
	GlobalSection(SolutionProperties) = preSolution
		HideSolutionNode = FALSE
	EndGlobalSection
EndGlobal
